
Microsoft Visual Studio Solution File, Format Version 12.00
# Visual Studio 15
VisualStudioVersion = 15.0.26730.15
MinimumVisualStudioVersion = 10.0.40219.1
Project("{2150E333-8FDC-42A3-9474-1A3956D46DE8}") = "Server", "Server", "{EBEEE047-5F65-435B-9EC8-2E1E3AEB1CFD}"
EndProject
Project("{2150E333-8FDC-42A3-9474-1A3956D46DE8}") = "Services", "Services", "{DEFECAE3-539C-4492-A597-D597CD016294}"
EndProject
Project("{2150E333-8FDC-42A3-9474-1A3956D46DE8}") = "Application", "Application", "{BD0E1607-5A5B-496B-8151-50454561AAD6}"
EndProject
Project("{2150E333-8FDC-42A3-9474-1A3956D46DE8}") = "Domain", "Domain", "{168E34EC-CD90-4397-BED5-F4FD9ACE04CC}"
EndProject
Project("{2150E333-8FDC-42A3-9474-1A3956D46DE8}") = "Infrastructure", "Infrastructure", "{45B0F20F-D3D8-42AE-8B5A-0F24AF119ADF}"
EndProject
Project("{2150E333-8FDC-42A3-9474-1A3956D46DE8}") = "Data", "Data", "{DF7A8BA5-3181-4905-8F84-F695AF3A039A}"
EndProject
Project("{2150E333-8FDC-42A3-9474-1A3956D46DE8}") = "CrossCutting", "CrossCutting", "{6A19A9DD-F0AC-4917-BDA9-C025DE76964F}"
EndProject
Project("{2150E333-8FDC-42A3-9474-1A3956D46DE8}") = "Complex Domain", "Complex Domain", "{B851B998-5566-423B-9278-946828F81376}"
EndProject
Project("{2150E333-8FDC-42A3-9474-1A3956D46DE8}") = "Identity", "Identity", "{57966B9C-2671-4234-9341-C577AA5E6D4C}"
EndProject
Project("{2150E333-8FDC-42A3-9474-1A3956D46DE8}") = "Infrastructure", "Infrastructure", "{EEEE625E-828A-4E88-9A0D-D05BB1406D38}"
EndProject
Project("{2150E333-8FDC-42A3-9474-1A3956D46DE8}") = "CrossCuting", "CrossCuting", "{35639A63-2B0B-4AEA-AD98-EE45028F56B9}"
EndProject
Project("{FAE04EC0-301F-11D3-BF4B-00C04F79EFBC}") = "RM.Architecture.Identity.Infra.CrossCuting.Identity", "src\RM.Architecture.Identity.Infra.CrossCuting.Identity\RM.Architecture.Identity.Infra.CrossCuting.Identity.csproj", "{FE423C9C-C684-4436-935E-303E60A59BB8}"
EndProject
Project("{FAE04EC0-301F-11D3-BF4B-00C04F79EFBC}") = "RM.Architecture.Identity.Infra.CrossCuting.IoC", "src\RM.Architecture.Identity.Infra.CrossCuting.IoC\RM.Architecture.Identity.Infra.CrossCuting.IoC.csproj", "{D0082A49-1F67-448E-A0B1-E45ADF138FA1}"
EndProject
Project("{2150E333-8FDC-42A3-9474-1A3956D46DE8}") = "Data", "Data", "{63C99B3A-17B7-4EF3-83ED-BAB8F4685911}"
EndProject
Project("{FAE04EC0-301F-11D3-BF4B-00C04F79EFBC}") = "RM.Architecture.Identity.Infra.Data", "src\RM.Architecture.Identity.Infra.Data\RM.Architecture.Identity.Infra.Data.csproj", "{64A9710B-F8FE-4F99-AF06-6051A1058A1C}"
EndProject
Project("{2150E333-8FDC-42A3-9474-1A3956D46DE8}") = "Domain", "Domain", "{C895CED8-2ADD-462E-9E73-1A930C1C32E3}"
EndProject
Project("{FAE04EC0-301F-11D3-BF4B-00C04F79EFBC}") = "RM.Architecture.Identity.Domain", "src\RM.Architecture.Identity.Domain\RM.Architecture.Identity.Domain.csproj", "{CBF83608-0705-4330-90F7-D03F36F9DD7E}"
EndProject
Project("{2150E333-8FDC-42A3-9474-1A3956D46DE8}") = "Filiacao", "Filiacao", "{F693DB09-F85D-4156-9C7D-366FE84170E1}"
EndProject
Project("{2150E333-8FDC-42A3-9474-1A3956D46DE8}") = "Site", "Site", "{72EF49D9-932F-402B-9E55-9EBE90BEFFBC}"
EndProject
Project("{2150E333-8FDC-42A3-9474-1A3956D46DE8}") = "Core", "Core", "{72671418-85D2-4D7F-AEB1-C0EF4720F81F}"
EndProject
Project("{2150E333-8FDC-42A3-9474-1A3956D46DE8}") = "Infrastructure", "Infrastructure", "{3F78837B-95C7-434E-91A1-548168355DD9}"
EndProject
Project("{2150E333-8FDC-42A3-9474-1A3956D46DE8}") = "CrossCutting", "CrossCutting", "{4CA60F66-41E4-41A4-A821-B3AE94150FAC}"
EndProject
Project("{FAE04EC0-301F-11D3-BF4B-00C04F79EFBC}") = "RM.Architecture.UI.Sistema", "src\RM.Architecture.UI.Sistema\RM.Architecture.UI.Sistema.csproj", "{23082C8A-09BE-41F1-ADD4-372F838C8EFA}"
EndProject
Project("{FAE04EC0-301F-11D3-BF4B-00C04F79EFBC}") = "RM.Architecture.Filiacao.Application", "src\RM.Architecture.Filiacao.Application\RM.Architecture.Filiacao.Application.csproj", "{3DAEE790-0991-4D26-8136-8E1466761FB7}"
EndProject
Project("{FAE04EC0-301F-11D3-BF4B-00C04F79EFBC}") = "RM.Architecture.Filiacao.Domain", "src\RM.Architecture.Filiacao.Domain\RM.Architecture.Filiacao.Domain.csproj", "{473C58A6-8D02-42B3-AB3A-93CA0D146EA6}"
EndProject
Project("{FAE04EC0-301F-11D3-BF4B-00C04F79EFBC}") = "RM.Architecture.Filiacao.Domain.Tests", "tests\RM.Architecture.Filiacao.Domain.Tests\RM.Architecture.Filiacao.Domain.Tests.csproj", "{49AFC7F7-5849-44CA-A382-6886B89C013D}"
EndProject
Project("{FAE04EC0-301F-11D3-BF4B-00C04F79EFBC}") = "RM.Architecture.Filiacao.Infra.CrossCutting.BootStrapper", "src\RM.Architecture.Filiacao.Infra.CrossCutting.BootStrapper\RM.Architecture.Filiacao.Infra.CrossCutting.BootStrapper.csproj", "{59A210A1-FCC7-4732-9B3B-2A688A942B67}"
EndProject
Project("{FAE04EC0-301F-11D3-BF4B-00C04F79EFBC}") = "RM.Architecture.Filiacao.Infrastructure.Data", "src\RM.Architecture.Filiacao.Infrastructure.Data\RM.Architecture.Filiacao.Infrastructure.Data.csproj", "{76A56B4F-5286-4B8C-A097-D6463338A1A0}"
EndProject
Project("{FAE04EC0-301F-11D3-BF4B-00C04F79EFBC}") = "RM.Architecture.Filiacao.Services.REST.FiliacaoAPI", "src\RM.Architecture.Filiacao.Services.REST.FiliacaoAPI\RM.Architecture.Filiacao.Services.REST.FiliacaoAPI.csproj", "{9131E301-394E-4EDD-B8FD-D2E56AEFA656}"
EndProject
Project("{FAE04EC0-301F-11D3-BF4B-00C04F79EFBC}") = "RM.Architecture.Core.Infra.CrossCutting.MvcFilters", "src\RM.Architecture.Core.Infra.CrossCutting.MvcFilters\RM.Architecture.Core.Infra.CrossCutting.MvcFilters.csproj", "{2E80ED98-0ADF-492F-A49A-05995367DA05}"
EndProject
Project("{2150E333-8FDC-42A3-9474-1A3956D46DE8}") = "Application", "Application", "{972DD4E7-825A-4C40-A1A1-EBC4C8C41E1C}"
EndProject
Project("{FAE04EC0-301F-11D3-BF4B-00C04F79EFBC}") = "RM.Architecture.Identity.Application", "src\RM.Architecture.Identity.Application\RM.Architecture.Identity.Application.csproj", "{BDD7C84F-FA80-4A5E-848A-07674FFA06C6}"
EndProject
Global
	GlobalSection(SolutionConfigurationPlatforms) = preSolution
		Debug|Any CPU = Debug|Any CPU
		Release|Any CPU = Release|Any CPU
	EndGlobalSection
	GlobalSection(ProjectConfigurationPlatforms) = postSolution
		{FE423C9C-C684-4436-935E-303E60A59BB8}.Debug|Any CPU.ActiveCfg = Debug|Any CPU
		{FE423C9C-C684-4436-935E-303E60A59BB8}.Debug|Any CPU.Build.0 = Debug|Any CPU
		{FE423C9C-C684-4436-935E-303E60A59BB8}.Release|Any CPU.ActiveCfg = Release|Any CPU
		{FE423C9C-C684-4436-935E-303E60A59BB8}.Release|Any CPU.Build.0 = Release|Any CPU
		{D0082A49-1F67-448E-A0B1-E45ADF138FA1}.Debug|Any CPU.ActiveCfg = Debug|Any CPU
		{D0082A49-1F67-448E-A0B1-E45ADF138FA1}.Debug|Any CPU.Build.0 = Debug|Any CPU
		{D0082A49-1F67-448E-A0B1-E45ADF138FA1}.Release|Any CPU.ActiveCfg = Release|Any CPU
		{D0082A49-1F67-448E-A0B1-E45ADF138FA1}.Release|Any CPU.Build.0 = Release|Any CPU
		{64A9710B-F8FE-4F99-AF06-6051A1058A1C}.Debug|Any CPU.ActiveCfg = Debug|Any CPU
		{64A9710B-F8FE-4F99-AF06-6051A1058A1C}.Debug|Any CPU.Build.0 = Debug|Any CPU
		{64A9710B-F8FE-4F99-AF06-6051A1058A1C}.Release|Any CPU.ActiveCfg = Release|Any CPU
		{64A9710B-F8FE-4F99-AF06-6051A1058A1C}.Release|Any CPU.Build.0 = Release|Any CPU
		{CBF83608-0705-4330-90F7-D03F36F9DD7E}.Debug|Any CPU.ActiveCfg = Debug|Any CPU
		{CBF83608-0705-4330-90F7-D03F36F9DD7E}.Debug|Any CPU.Build.0 = Debug|Any CPU
		{CBF83608-0705-4330-90F7-D03F36F9DD7E}.Release|Any CPU.ActiveCfg = Release|Any CPU
		{CBF83608-0705-4330-90F7-D03F36F9DD7E}.Release|Any CPU.Build.0 = Release|Any CPU
		{23082C8A-09BE-41F1-ADD4-372F838C8EFA}.Debug|Any CPU.ActiveCfg = Debug|Any CPU
		{23082C8A-09BE-41F1-ADD4-372F838C8EFA}.Debug|Any CPU.Build.0 = Debug|Any CPU
		{23082C8A-09BE-41F1-ADD4-372F838C8EFA}.Release|Any CPU.ActiveCfg = Release|Any CPU
		{23082C8A-09BE-41F1-ADD4-372F838C8EFA}.Release|Any CPU.Build.0 = Release|Any CPU
		{3DAEE790-0991-4D26-8136-8E1466761FB7}.Debug|Any CPU.ActiveCfg = Debug|Any CPU
		{3DAEE790-0991-4D26-8136-8E1466761FB7}.Debug|Any CPU.Build.0 = Debug|Any CPU
		{3DAEE790-0991-4D26-8136-8E1466761FB7}.Release|Any CPU.ActiveCfg = Release|Any CPU
		{3DAEE790-0991-4D26-8136-8E1466761FB7}.Release|Any CPU.Build.0 = Release|Any CPU
		{473C58A6-8D02-42B3-AB3A-93CA0D146EA6}.Debug|Any CPU.ActiveCfg = Debug|Any CPU
		{473C58A6-8D02-42B3-AB3A-93CA0D146EA6}.Debug|Any CPU.Build.0 = Debug|Any CPU
		{473C58A6-8D02-42B3-AB3A-93CA0D146EA6}.Release|Any CPU.ActiveCfg = Release|Any CPU
		{473C58A6-8D02-42B3-AB3A-93CA0D146EA6}.Release|Any CPU.Build.0 = Release|Any CPU
		{49AFC7F7-5849-44CA-A382-6886B89C013D}.Debug|Any CPU.ActiveCfg = Debug|Any CPU
		{49AFC7F7-5849-44CA-A382-6886B89C013D}.Debug|Any CPU.Build.0 = Debug|Any CPU
		{49AFC7F7-5849-44CA-A382-6886B89C013D}.Release|Any CPU.ActiveCfg = Release|Any CPU
		{49AFC7F7-5849-44CA-A382-6886B89C013D}.Release|Any CPU.Build.0 = Release|Any CPU
		{59A210A1-FCC7-4732-9B3B-2A688A942B67}.Debug|Any CPU.ActiveCfg = Debug|Any CPU
		{59A210A1-FCC7-4732-9B3B-2A688A942B67}.Debug|Any CPU.Build.0 = Debug|Any CPU
		{59A210A1-FCC7-4732-9B3B-2A688A942B67}.Release|Any CPU.ActiveCfg = Release|Any CPU
		{59A210A1-FCC7-4732-9B3B-2A688A942B67}.Release|Any CPU.Build.0 = Release|Any CPU
		{76A56B4F-5286-4B8C-A097-D6463338A1A0}.Debug|Any CPU.ActiveCfg = Debug|Any CPU
		{76A56B4F-5286-4B8C-A097-D6463338A1A0}.Debug|Any CPU.Build.0 = Debug|Any CPU
		{76A56B4F-5286-4B8C-A097-D6463338A1A0}.Release|Any CPU.ActiveCfg = Release|Any CPU
		{76A56B4F-5286-4B8C-A097-D6463338A1A0}.Release|Any CPU.Build.0 = Release|Any CPU
		{9131E301-394E-4EDD-B8FD-D2E56AEFA656}.Debug|Any CPU.ActiveCfg = Debug|Any CPU
		{9131E301-394E-4EDD-B8FD-D2E56AEFA656}.Debug|Any CPU.Build.0 = Debug|Any CPU
		{9131E301-394E-4EDD-B8FD-D2E56AEFA656}.Release|Any CPU.ActiveCfg = Release|Any CPU
		{9131E301-394E-4EDD-B8FD-D2E56AEFA656}.Release|Any CPU.Build.0 = Release|Any CPU
		{2E80ED98-0ADF-492F-A49A-05995367DA05}.Debug|Any CPU.ActiveCfg = Debug|Any CPU
		{2E80ED98-0ADF-492F-A49A-05995367DA05}.Debug|Any CPU.Build.0 = Debug|Any CPU
		{2E80ED98-0ADF-492F-A49A-05995367DA05}.Release|Any CPU.ActiveCfg = Release|Any CPU
		{2E80ED98-0ADF-492F-A49A-05995367DA05}.Release|Any CPU.Build.0 = Release|Any CPU
		{BDD7C84F-FA80-4A5E-848A-07674FFA06C6}.Debug|Any CPU.ActiveCfg = Debug|Any CPU
		{BDD7C84F-FA80-4A5E-848A-07674FFA06C6}.Debug|Any CPU.Build.0 = Debug|Any CPU
		{BDD7C84F-FA80-4A5E-848A-07674FFA06C6}.Release|Any CPU.ActiveCfg = Release|Any CPU
		{BDD7C84F-FA80-4A5E-848A-07674FFA06C6}.Release|Any CPU.Build.0 = Release|Any CPU
	EndGlobalSection
	GlobalSection(SolutionProperties) = preSolution
		HideSolutionNode = FALSE
	EndGlobalSection
	GlobalSection(NestedProjects) = preSolution
		{DEFECAE3-539C-4492-A597-D597CD016294} = {F693DB09-F85D-4156-9C7D-366FE84170E1}
		{BD0E1607-5A5B-496B-8151-50454561AAD6} = {F693DB09-F85D-4156-9C7D-366FE84170E1}
		{168E34EC-CD90-4397-BED5-F4FD9ACE04CC} = {F693DB09-F85D-4156-9C7D-366FE84170E1}
		{45B0F20F-D3D8-42AE-8B5A-0F24AF119ADF} = {F693DB09-F85D-4156-9C7D-366FE84170E1}
		{DF7A8BA5-3181-4905-8F84-F695AF3A039A} = {45B0F20F-D3D8-42AE-8B5A-0F24AF119ADF}
		{6A19A9DD-F0AC-4917-BDA9-C025DE76964F} = {45B0F20F-D3D8-42AE-8B5A-0F24AF119ADF}
		{57966B9C-2671-4234-9341-C577AA5E6D4C} = {B851B998-5566-423B-9278-946828F81376}
		{EEEE625E-828A-4E88-9A0D-D05BB1406D38} = {57966B9C-2671-4234-9341-C577AA5E6D4C}
		{35639A63-2B0B-4AEA-AD98-EE45028F56B9} = {EEEE625E-828A-4E88-9A0D-D05BB1406D38}
		{FE423C9C-C684-4436-935E-303E60A59BB8} = {35639A63-2B0B-4AEA-AD98-EE45028F56B9}
		{D0082A49-1F67-448E-A0B1-E45ADF138FA1} = {35639A63-2B0B-4AEA-AD98-EE45028F56B9}
		{63C99B3A-17B7-4EF3-83ED-BAB8F4685911} = {EEEE625E-828A-4E88-9A0D-D05BB1406D38}
		{64A9710B-F8FE-4F99-AF06-6051A1058A1C} = {63C99B3A-17B7-4EF3-83ED-BAB8F4685911}
		{C895CED8-2ADD-462E-9E73-1A930C1C32E3} = {57966B9C-2671-4234-9341-C577AA5E6D4C}
		{CBF83608-0705-4330-90F7-D03F36F9DD7E} = {C895CED8-2ADD-462E-9E73-1A930C1C32E3}
		{F693DB09-F85D-4156-9C7D-366FE84170E1} = {B851B998-5566-423B-9278-946828F81376}
		{72EF49D9-932F-402B-9E55-9EBE90BEFFBC} = {EBEEE047-5F65-435B-9EC8-2E1E3AEB1CFD}
		{72671418-85D2-4D7F-AEB1-C0EF4720F81F} = {B851B998-5566-423B-9278-946828F81376}
		{3F78837B-95C7-434E-91A1-548168355DD9} = {72671418-85D2-4D7F-AEB1-C0EF4720F81F}
		{4CA60F66-41E4-41A4-A821-B3AE94150FAC} = {3F78837B-95C7-434E-91A1-548168355DD9}
		{23082C8A-09BE-41F1-ADD4-372F838C8EFA} = {72EF49D9-932F-402B-9E55-9EBE90BEFFBC}
		{3DAEE790-0991-4D26-8136-8E1466761FB7} = {BD0E1607-5A5B-496B-8151-50454561AAD6}
		{473C58A6-8D02-42B3-AB3A-93CA0D146EA6} = {168E34EC-CD90-4397-BED5-F4FD9ACE04CC}
		{49AFC7F7-5849-44CA-A382-6886B89C013D} = {168E34EC-CD90-4397-BED5-F4FD9ACE04CC}
		{59A210A1-FCC7-4732-9B3B-2A688A942B67} = {6A19A9DD-F0AC-4917-BDA9-C025DE76964F}
		{76A56B4F-5286-4B8C-A097-D6463338A1A0} = {DF7A8BA5-3181-4905-8F84-F695AF3A039A}
		{9131E301-394E-4EDD-B8FD-D2E56AEFA656} = {DEFECAE3-539C-4492-A597-D597CD016294}
		{2E80ED98-0ADF-492F-A49A-05995367DA05} = {4CA60F66-41E4-41A4-A821-B3AE94150FAC}
		{972DD4E7-825A-4C40-A1A1-EBC4C8C41E1C} = {57966B9C-2671-4234-9341-C577AA5E6D4C}
		{BDD7C84F-FA80-4A5E-848A-07674FFA06C6} = {972DD4E7-825A-4C40-A1A1-EBC4C8C41E1C}
	EndGlobalSection
	GlobalSection(ExtensibilityGlobals) = postSolution
		SolutionGuid = {A1CED157-D33A-4070-9941-05B375E72EE9}
	EndGlobalSection
EndGlobal
